{
  "name": "tomtervel",
  "requires": true,
  "lockfileVersion": 1,
  "dependencies": {
    "@types/glob": {
      "requires": {
        "@types/minimatch": "*",
        "@types/node": "*"
      }
    },
    "@types/minimatch": {
      "version": "3.0.3"
    },
    "@types/node": {
      "version": "14.14.6"
    },
    "babel-polyfill": {
      "version": "6.26.0"
    },
    "babel-types": {},
    "bankai": {
      "version": "9.15.3",
      "dev": true,
      "requires": {
        "envify": "^4.1.0",
        "on-idle": "^3.1.4"
      }
    },
    "brfs": {
      "version": "2.0.2",
      "dev": true
    },
    "choo": {
      "version": "7.1.0",
      "requires": {
        "nanocomponent": "^6.5.0"
      }
    },
    "choo-devtools": {
      "version": "3.0.4"
    },
    "choo-service-worker": {
      "version": "3.0.0"
    },
    "dependency-check": {
      "version": "4.1.0",
      "dev": true
    },
    "dotenv": {
      "version": "8.2.0"
    },
    "envify": {
      "version": "4.1.0"
    },
    "eslint": {
      "version": "6.8.0",
      "dev": true,
      "requires": {
        "eslint-scope": "^5.0.0",
        "eslint-utils": "^1.4.3",
        "eslint-visitor-keys": "^1.1.0"
      }
    },
    "eslint-config-standard": {
      "version": "14.1.1",
      "dev": true
    },
    "eslint-config-standard-jsx": {
      "version": "8.1.0",
      "dev": true
    },
    "eslint-import-resolver-node": {
      "version": "0.3.4",
      "dev": true
    },
    "eslint-module-utils": {
      "version": "2.6.0",
      "dev": true
    },
    "eslint-plugin-es": {
      "version": "2.0.0",
      "dev": true,
      "requires": {
        "eslint-utils": "^1.4.2"
      }
    },
    "eslint-plugin-import": {
      "version": "2.18.2",
      "dev": true,
      "requires": {
        "eslint-import-resolver-node": "^0.3.2",
        "eslint-module-utils": "^2.4.0"
      }
    },
    "eslint-plugin-node": {
      "version": "10.0.0",
      "dev": true,
      "requires": {
        "eslint-plugin-es": "^2.0.0",
        "eslint-utils": "^1.4.2"
      }
    },
    "eslint-plugin-promise": {
      "version": "4.2.1",
      "dev": true
    },
    "eslint-plugin-react": {
      "version": "7.14.3",
      "dev": true,
      "requires": {
        "prop-types": "^15.7.2"
      }
    },
    "eslint-plugin-standard": {
      "version": "4.0.2",
      "dev": true
    },
    "eslint-scope": {
      "version": "5.1.1",
      "dev": true
    },
    "eslint-utils": {
      "version": "1.4.3",
      "dev": true,
      "requires": {
        "eslint-visitor-keys": "^1.1.0"
      }
    },
    "eslint-visitor-keys": {
      "version": "1.3.0",
      "dev": true
    },
    "hstream": {
      "version": "2.0.0"
    },
    "markdown-it": {
      "version": "11.0.1"
    },
    "minify-stream": {
      "version": "2.1.0",
      "dev": true
    },
    "nanocomponent": {
      "version": "6.5.3"
    },
    "nanocontent": {
      "version": "0.4.6"
    },
    "nanopage": {
      "version": "0.2.0"
    },
    "on-idle": {
      "version": "3.1.4"
    },
    "prop-types": {
      "version": "15.7.2",
      "dev": true
    },
    "sheetify": {
      "version": "8.0.0"
    },
    "standard": {
      "version": "14.3.4",
      "dev": true,
      "requires": {
        "eslint": "~6.8.0",
        "eslint-config-standard": "14.1.1",
        "eslint-config-standard-jsx": "8.1.0",
        "eslint-plugin-import": "~2.18.0",
        "eslint-plugin-node": "~10.0.0",
        "eslint-plugin-promise": "~4.2.1",
        "eslint-plugin-react": "~7.14.2",
        "eslint-plugin-standard": "~4.0.0"
      }
    },
    "tachyons": {
      "version": "4.12.0"
    }
  }
}
